
Microsoft Visual Studio Solution File, Format Version 12.00
# Visual Studio Version 17
VisualStudioVersion = 17.10.35013.160
MinimumVisualStudioVersion = 10.0.40219.1
Project("{FAE04EC0-301F-11D3-BF4B-00C04F79EFBC}") = "Semana 10", "Semana 10\Semana 10.csproj", "{0E706DD0-0DAC-4957-941C-26EC91A74A6D}"
EndProject
Global
	GlobalSection(SolutionConfigurationPlatforms) = preSolution
		Debug|Any CPU = Debug|Any CPU
		Release|Any CPU = Release|Any CPU
	EndGlobalSection
	GlobalSection(ProjectConfigurationPlatforms) = postSolution
		{0E706DD0-0DAC-4957-941C-26EC91A74A6D}.Debug|Any CPU.ActiveCfg = Debug|Any CPU
		{0E706DD0-0DAC-4957-941C-26EC91A74A6D}.Debug|Any CPU.Build.0 = Debug|Any CPU
		{0E706DD0-0DAC-4957-941C-26EC91A74A6D}.Release|Any CPU.ActiveCfg = Release|Any CPU
		{0E706DD0-0DAC-4957-941C-26EC91A74A6D}.Release|Any CPU.Build.0 = Release|Any CPU
	EndGlobalSection
	GlobalSection(SolutionProperties) = preSolution
		HideSolutionNode = FALSE
	EndGlobalSection
	GlobalSection(ExtensibilityGlobals) = postSolution
		SolutionGuid = {4C9F6FF5-BBC7-4DBB-A3F0-3C0F400939BA}
	EndGlobalSection
EndGlobal
